// !$*UTF8*$!
{
	archiveVersion = 1;
	classes = {
	};
	objectVersion = 46;
	objects = {

/* Begin PBXBuildFile section */
		2016D29D1EC4E6D900C0C481 /* main.m in Sources */ = {isa = PBXBuildFile; fileRef = 2016D29C1EC4E6D900C0C481 /* main.m */; };
		2016D2A01EC4E6D900C0C481 /* AppDelegate.m in Sources */ = {isa = PBXBuildFile; fileRef = 2016D29F1EC4E6D900C0C481 /* AppDelegate.m */; };
		2016D2A61EC4E6D900C0C481 /* Main.storyboard in Resources */ = {isa = PBXBuildFile; fileRef = 2016D2A41EC4E6D900C0C481 /* Main.storyboard */; };
		2016D2A81EC4E6D900C0C481 /* Assets.xcassets in Resources */ = {isa = PBXBuildFile; fileRef = 2016D2A71EC4E6D900C0C481 /* Assets.xcassets */; };
		2016D2AB1EC4E6D900C0C481 /* LaunchScreen.storyboard in Resources */ = {isa = PBXBuildFile; fileRef = 2016D2A91EC4E6D900C0C481 /* LaunchScreen.storyboard */; };
		2016D2B41EC50EB700C0C481 /* ItemParser.m in Sources */ = {isa = PBXBuildFile; fileRef = 2016D2B31EC50EB700C0C481 /* ItemParser.m */; };
		2016D2C61EC6191500C0C481 /* MasterViewController.m in Sources */ = {isa = PBXBuildFile; fileRef = 2016D2C51EC6191500C0C481 /* MasterViewController.m */; };
		2016D2C91EC61FE300C0C481 /* DetailViewController.m in Sources */ = {isa = PBXBuildFile; fileRef = 2016D2C81EC61FE300C0C481 /* DetailViewController.m */; };
		2016D2CC1EC62CB100C0C481 /* Item.m in Sources */ = {isa = PBXBuildFile; fileRef = 2016D2CB1EC62CB100C0C481 /* Item.m */; };
/* End PBXBuildFile section */

/* Begin PBXFileReference section */
		2016D2981EC4E6D900C0C481 /* XMLParser.app */ = {isa = PBXFileReference; explicitFileType = wrapper.application; includeInIndex = 0; path = XMLParser.app; sourceTree = BUILT_PRODUCTS_DIR; };
		2016D29C1EC4E6D900C0C481 /* main.m */ = {isa = PBXFileReference; lastKnownFileType = sourcecode.c.objc; path = main.m; sourceTree = "<group>"; };
		2016D29E1EC4E6D900C0C481 /* AppDelegate.h */ = {isa = PBXFileReference; lastKnownFileType = sourcecode.c.h; path = AppDelegate.h; sourceTree = "<group>"; };
		2016D29F1EC4E6D900C0C481 /* AppDelegate.m */ = {isa = PBXFileReference; lastKnownFileType = sourcecode.c.objc; path = AppDelegate.m; sourceTree = "<group>"; };
		2016D2A51EC4E6D900C0C481 /* Base */ = {isa = PBXFileReference; lastKnownFileType = file.storyboard; name = Base; path = Base.lproj/Main.storyboard; sourceTree = "<group>"; };
		2016D2A71EC4E6D900C0C481 /* Assets.xcassets */ = {isa = PBXFileReference; lastKnownFileType = folder.assetcatalog; path = Assets.xcassets; sourceTree = "<group>"; };
		2016D2AA1EC4E6D900C0C481 /* Base */ = {isa = PBXFileReference; lastKnownFileType = file.storyboard; name = Base; path = Base.lproj/LaunchScreen.storyboard; sourceTree = "<group>"; };
		2016D2AC1EC4E6D900C0C481 /* Info.plist */ = {isa = PBXFileReference; lastKnownFileType = text.plist.xml; path = Info.plist; sourceTree = "<group>"; };
		2016D2B21EC50EB700C0C481 /* ItemParser.h */ = {isa = PBXFileReference; fileEncoding = 4; lastKnownFileType = sourcecode.c.h; path = ItemParser.h; sourceTree = "<group>"; };
		2016D2B31EC50EB700C0C481 /* ItemParser.m */ = {isa = PBXFileReference; fileEncoding = 4; lastKnownFileType = sourcecode.c.objc; path = ItemParser.m; sourceTree = "<group>"; };
		2016D2C41EC6191500C0C481 /* MasterViewController.h */ = {isa = PBXFileReference; fileEncoding = 4; lastKnownFileType = sourcecode.c.h; path = MasterViewController.h; sourceTree = "<group>"; };
		2016D2C51EC6191500C0C481 /* MasterViewController.m */ = {isa = PBXFileReference; fileEncoding = 4; lastKnownFileType = sourcecode.c.objc; path = MasterViewController.m; sourceTree = "<group>"; };
		2016D2C71EC61FE300C0C481 /* DetailViewController.h */ = {isa = PBXFileReference; fileEncoding = 4; lastKnownFileType = sourcecode.c.h; path = DetailViewController.h; sourceTree = "<group>"; };
		2016D2C81EC61FE300C0C481 /* DetailViewController.m */ = {isa = PBXFileReference; fileEncoding = 4; lastKnownFileType = sourcecode.c.objc; path = DetailViewController.m; sourceTree = "<group>"; };
		2016D2CA1EC62CB100C0C481 /* Item.h */ = {isa = PBXFileReference; fileEncoding = 4; lastKnownFileType = sourcecode.c.h; path = Item.h; sourceTree = "<group>"; };
		2016D2CB1EC62CB100C0C481 /* Item.m */ = {isa = PBXFileReference; fileEncoding = 4; lastKnownFileType = sourcecode.c.objc; path = Item.m; sourceTree = "<group>"; };
/* End PBXFileReference section */

/* Begin PBXFrameworksBuildPhase section */
		2016D2951EC4E6D900C0C481 /* Frameworks */ = {
			isa = PBXFrameworksBuildPhase;
			buildActionMask = 2147483647;
			files = (
			);
			runOnlyForDeploymentPostprocessing = 0;
		};
/* End PBXFrameworksBuildPhase section */

/* Begin PBXGroup section */
		2016D28F1EC4E6D900C0C481 = {
			isa = PBXGroup;
			children = (
				2016D29A1EC4E6D900C0C481 /* XMLParser */,
				2016D2991EC4E6D900C0C481 /* Products */,
			);
			sourceTree = "<group>";
		};
		2016D2991EC4E6D900C0C481 /* Products */ = {
			isa = PBXGroup;
			children = (
				2016D2981EC4E6D900C0C481 /* XMLParser.app */,
			);
			name = Products;
			sourceTree = "<group>";
		};
		2016D29A1EC4E6D900C0C481 /* XMLParser */ = {
			isa = PBXGroup;
			children = (
				2016D29E1EC4E6D900C0C481 /* AppDelegate.h */,
				2016D29F1EC4E6D900C0C481 /* AppDelegate.m */,
				2016D2C41EC6191500C0C481 /* MasterViewController.h */,
				2016D2C51EC6191500C0C481 /* MasterViewController.m */,
				2016D2C71EC61FE300C0C481 /* DetailViewController.h */,
				2016D2C81EC61FE300C0C481 /* DetailViewController.m */,
				2016D2B21EC50EB700C0C481 /* ItemParser.h */,
				2016D2B31EC50EB700C0C481 /* ItemParser.m */,
				2016D2CA1EC62CB100C0C481 /* Item.h */,
				2016D2CB1EC62CB100C0C481 /* Item.m */,
				2016D2A41EC4E6D900C0C481 /* Main.storyboard */,
				2016D2A71EC4E6D900C0C481 /* Assets.xcassets */,
				2016D2A91EC4E6D900C0C481 /* LaunchScreen.storyboard */,
				2016D2AC1EC4E6D900C0C481 /* Info.plist */,
				2016D29B1EC4E6D900C0C481 /* Supporting Files */,
			);
			path = XMLParser;
			sourceTree = "<group>";
		};
		2016D29B1EC4E6D900C0C481 /* Supporting Files */ = {
			isa = PBXGroup;
			children = (
				2016D29C1EC4E6D900C0C481 /* main.m */,
			);
			name = "Supporting Files";
			sourceTree = "<group>";
		};
/* End PBXGroup section */

/* Begin PBXNativeTarget section */
		2016D2971EC4E6D900C0C481 /* XMLParser */ = {
			isa = PBXNativeTarget;
			buildConfigurationList = 2016D2AF1EC4E6D900C0C481 /* Build configuration list for PBXNativeTarget "XMLParser" */;
			buildPhases = (
				2016D2941EC4E6D900C0C481 /* Sources */,
				2016D2951EC4E6D900C0C481 /* Frameworks */,
				2016D2961EC4E6D900C0C481 /* Resources */,
			);
			buildRules = (
			);
			dependencies = (
			);
			name = XMLParser;
			productName = XMLParser;
			productReference = 2016D2981EC4E6D900C0C481 /* XMLParser.app */;
			productType = "com.apple.product-type.application";
		};
/* End PBXNativeTarget section */

/* Begin PBXProject section */
		2016D2901EC4E6D900C0C481 /* Project object */ = {
			isa = PBXProject;
			attributes = {
				LastUpgradeCheck = 0820;
				ORGANIZATIONNAME = "Rickey Hrabowskie";
				TargetAttributes = {
					2016D2971EC4E6D900C0C481 = {
						CreatedOnToolsVersion = 8.2.1;
						DevelopmentTeam = XC48HTB69A;
						ProvisioningStyle = Automatic;
					};
				};
			};
			buildConfigurationList = 2016D2931EC4E6D900C0C481 /* Build configuration list for PBXProject "XMLParser" */;
			compatibilityVersion = "Xcode 3.2";
			developmentRegion = English;
			hasScannedForEncodings = 0;
			knownRegions = (
				en,
				Base,
			);
			mainGroup = 2016D28F1EC4E6D900C0C481;
			productRefGroup = 2016D2991EC4E6D900C0C481 /* Products */;
			projectDirPath = "";
			projectRoot = "";
			targets = (
				2016D2971EC4E6D900C0C481 /* XMLParser */,
			);
		};
/* End PBXProject section */

/* Begin PBXResourcesBuildPhase section */
		2016D2961EC4E6D900C0C481 /* Resources */ = {
			isa = PBXResourcesBuildPhase;
			buildActionMask = 2147483647;
			files = (
				2016D2AB1EC4E6D900C0C481 /* LaunchScreen.storyboard in Resources */,
				2016D2A81EC4E6D900C0C481 /* Assets.xcassets in Resources */,
				2016D2A61EC4E6D900C0C481 /* Main.storyboard in Resources */,
			);
			runOnlyForDeploymentPostprocessing = 0;
		};
/* End PBXResourcesBuildPhase section */

/* Begin PBXSourcesBuildPhase section */
		2016D2941EC4E6D900C0C481 /* Sources */ = {
			isa = PBXSourcesBuildPhase;
			buildActionMask = 2147483647;
			files = (
				2016D2CC1EC62CB100C0C481 /* Item.m in Sources */,
				2016D2B41EC50EB700C0C481 /* ItemParser.m in Sources */,
				2016D2C91EC61FE300C0C481 /* DetailViewController.m in Sources */,
				2016D2A01EC4E6D900C0C481 /* AppDelegate.m in Sources */,
				2016D2C61EC6191500C0C481 /* MasterViewController.m in Sources */,
				2016D29D1EC4E6D900C0C481 /* main.m in Sources */,
			);
			runOnlyForDeploymentPostprocessing = 0;
		};
/* End PBXSourcesBuildPhase section */

/* Begin PBXVariantGroup section */
		2016D2A41EC4E6D900C0C481 /* Main.storyboard */ = {
			isa = PBXVariantGroup;
			children = (
				2016D2A51EC4E6D900C0C481 /* Base */,
			);
			name = Main.storyboard;
			sourceTree = "<group>";
		};
		2016D2A91EC4E6D900C0C481 /* LaunchScreen.storyboard */ = {
			isa = PBXVariantGroup;
			children = (
				2016D2AA1EC4E6D900C0C481 /* Base */,
			);
			name = LaunchScreen.storyboard;
			sourceTree = "<group>";
		};
/* End PBXVariantGroup section */

/* Begin XCBuildConfiguration section */
		2016D2AD1EC4E6D900C0C481 /* Debug */ = {
			isa = XCBuildConfiguration;
			buildSettings = {
				ALWAYS_SEARCH_USER_PATHS = NO;
				CLANG_ANALYZER_NONNULL = YES;
				CLANG_CXX_LANGUAGE_STANDARD = "gnu++0x";
				CLANG_CXX_LIBRARY = "libc++";
				CLANG_ENABLE_MODULES = YES;
				CLANG_ENABLE_OBJC_ARC = YES;
				CLANG_WARN_BOOL_CONVERSION = YES;
				CLANG_WARN_CONSTANT_CONVERSION = YES;
				CLANG_WARN_DIRECT_OBJC_ISA_USAGE = YES_ERROR;
				CLANG_WARN_DOCUMENTATION_COMMENTS = YES;
				CLANG_WARN_EMPTY_BODY = YES;
				CLANG_WARN_ENUM_CONVERSION = YES;
				CLANG_WARN_INFINITE_RECURSION = YES;
				CLANG_WARN_INT_CONVERSION = YES;
				CLANG_WARN_OBJC_ROOT_CLASS = YES_ERROR;
				CLANG_WARN_SUSPICIOUS_MOVE = YES;
				CLANG_WARN_UNREACHABLE_CODE = YES;
				CLANG_WARN__DUPLICATE_METHOD_MATCH = YES;
				"CODE_SIGN_IDENTITY[sdk=iphoneos*]" = "iPhone Developer";
				COPY_PHASE_STRIP = NO;
				DEBUG_INFORMATION_FORMAT = dwarf;
				ENABLE_STRICT_OBJC_MSGSEND = YES;
				ENABLE_TESTABILITY = YES;
				GCC_C_LANGUAGE_STANDARD = gnu99;
				GCC_DYNAMIC_NO_PIC = NO;
				GCC_NO_COMMON_BLOCKS = YES;
				GCC_OPTIMIZATION_LEVEL = 0;
				GCC_PREPROCESSOR_DEFINITIONS = (
					"DEBUG=1",
					"$(inherited)",
				);
				GCC_WARN_64_TO_32_BIT_CONVERSION = YES;
				GCC_WARN_ABOUT_RETURN_TYPE = YES_ERROR;
				GCC_WARN_UNDECLARED_SELECTOR = YES;
				GCC_WARN_UNINITIALIZED_AUTOS = YES_AGGRESSIVE;
				GCC_WARN_UNUSED_FUNCTION = YES;
				GCC_WARN_UNUSED_VARIABLE = YES;
				IPHONEOS_DEPLOYMENT_TARGET = 10.2;
				MTL_ENABLE_DEBUG_INFO = YES;
				ONLY_ACTIVE_ARCH = YES;
				SDKROOT = iphoneos;
				TARGETED_DEVICE_FAMILY = "1,2";
			};
			name = Debug;
		};
		2016D2AE1EC4E6D900C0C481 /* Release */ = {
			isa = XCBuildConfiguration;
			buildSettings = {
				ALWAYS_SEARCH_USER_PATHS = NO;
				CLANG_ANALYZER_NONNULL = YES;
				CLANG_CXX_LANGUAGE_STANDARD = "gnu++0x";
				CLANG_CXX_LIBRARY = "libc++";
				CLANG_ENABLE_MODULES = YES;
				CLANG_ENABLE_OBJC_ARC = YES;
				CLANG_WARN_BOOL_CONVERSION = YES;
				CLANG_WARN_CONSTANT_CONVERSION = YES;
				CLANG_WARN_DIRECT_OBJC_ISA_USAGE = YES_ERROR;
				CLANG_WARN_DOCUMENTATION_COMMENTS = YES;
				CLANG_WARN_EMPTY_BODY = YES;
				CLANG_WARN_ENUM_CONVERSION = YES;
				CLANG_WARN_INFINITE_RECURSION = YES;
				CLANG_WARN_INT_CONVERSION = YES;
				CLANG_WARN_OBJC_ROOT_CLASS = YES_ERROR;
				CLANG_WARN_SUSPICIOUS_MOVE = YES;
				CLANG_WARN_UNREACHABLE_CODE = YES;
				CLANG_WARN__DUPLICATE_METHOD_MATCH = YES;
				"CODE_SIGN_IDENTITY[sdk=iphoneos*]" = "iPhone Developer";
				COPY_PHASE_STRIP = NO;
				DEBUG_INFORMATION_FORMAT = "dwarf-with-dsym";
				ENABLE_NS_ASSERTIONS = NO;
				ENABLE_STRICT_OBJC_MSGSEND = YES;
				GCC_C_LANGUAGE_STANDARD = gnu99;
				GCC_NO_COMMON_BLOCKS = YES;
				GCC_WARN_64_TO_32_BIT_CONVERSION = YES;
				GCC_WARN_ABOUT_RETURN_TYPE = YES_ERROR;
				GCC_WARN_UNDECLARED_SELECTOR = YES;
				GCC_WARN_UNINITIALIZED_AUTOS = YES_AGGRESSIVE;
				GCC_WARN_UNUSED_FUNCTION = YES;
				GCC_WARN_UNUSED_VARIABLE = YES;
				IPHONEOS_DEPLOYMENT_TARGET = 10.2;
				MTL_ENABLE_DEBUG_INFO = NO;
				SDKROOT = iphoneos;
				TARGETED_DEVICE_FAMILY = "1,2";
				VALIDATE_PRODUCT = YES;
			};
			name = Release;
		};
		2016D2B01EC4E6D900C0C481 /* Debug */ = {
			isa = XCBuildConfiguration;
			buildSettings = {
				ASSETCATALOG_COMPILER_APPICON_NAME = AppIcon;
				DEVELOPMENT_TEAM = XC48HTB69A;
				INFOPLIST_FILE = XMLParser/Info.plist;
				LD_RUNPATH_SEARCH_PATHS = "$(inherited) @executable_path/Frameworks";
				PRODUCT_BUNDLE_IDENTIFIER = com.rickeyHrabowskie.XMLParser;
				PRODUCT_NAME = "$(TARGET_NAME)";
			};
			name = Debug;
		};
		2016D2B11EC4E6D900C0C481 /* Release */ = {
			isa = XCBuildConfiguration;
			buildSettings = {
				ASSETCATALOG_COMPILER_APPICON_NAME = AppIcon;
				DEVELOPMENT_TEAM = XC48HTB69A;
				INFOPLIST_FILE = XMLParser/Info.plist;
				LD_RUNPATH_SEARCH_PATHS = "$(inherited) @executable_path/Frameworks";
				PRODUCT_BUNDLE_IDENTIFIER = com.rickeyHrabowskie.XMLParser;
				PRODUCT_NAME = "$(TARGET_NAME)";
			};
			name = Release;
		};
/* End XCBuildConfiguration section */

/* Begin XCConfigurationList section */
		2016D2931EC4E6D900C0C481 /* Build configuration list for PBXProject "XMLParser" */ = {
			isa = XCConfigurationList;
			buildConfigurations = (
				2016D2AD1EC4E6D900C0C481 /* Debug */,
				2016D2AE1EC4E6D900C0C481 /* Release */,
			);
			defaultConfigurationIsVisible = 0;
			defaultConfigurationName = Release;
		};
		2016D2AF1EC4E6D900C0C481 /* Build configuration list for PBXNativeTarget "XMLParser" */ = {
			isa = XCConfigurationList;
			buildConfigurations = (
				2016D2B01EC4E6D900C0C481 /* Debug */,
				2016D2B11EC4E6D900C0C481 /* Release */,
			);
			defaultConfigurationIsVisible = 0;
		};
/* End XCConfigurationList section */
	};
	rootObject = 2016D2901EC4E6D900C0C481 /* Project object */;
}
